
Microsoft Visual Studio Solution File, Format Version 12.00
# Visual Studio Version 16
VisualStudioVersion = 16.0.31105.61
MinimumVisualStudioVersion = 10.0.40219.1
Project("{FAE04EC0-301F-11D3-BF4B-00C04F79EFBC}") = "UIBlazor", "UIBlazor\UIBlazor.csproj", "{F27F2A37-BFC7-4F53-BC84-3E4DBBF9F733}"
EndProject
Project("{FAE04EC0-301F-11D3-BF4B-00C04F79EFBC}") = "WebApi", "WebApi\WebApi.csproj", "{A881BA6B-2C34-473A-AF27-BC5F6FCE45A8}"
EndProject
Project("{FAE04EC0-301F-11D3-BF4B-00C04F79EFBC}") = "Business", "Business\Business.csproj", "{33C60526-9ED2-42A5-B87B-83CEB714765A}"
EndProject
Project("{FAE04EC0-301F-11D3-BF4B-00C04F79EFBC}") = "Entity", "Entity\Entity.csproj", "{C66BD307-63B6-4C04-810C-2272B2DE4C27}"
EndProject
Project("{FAE04EC0-301F-11D3-BF4B-00C04F79EFBC}") = "DataAccessLayer", "DataAccessLayer\DataAccessLayer.csproj", "{5830682F-B1E6-47EC-B575-9DD5A55B95AD}"
EndProject
Global
	GlobalSection(SolutionConfigurationPlatforms) = preSolution
		Debug|Any CPU = Debug|Any CPU
		Release|Any CPU = Release|Any CPU
	EndGlobalSection
	GlobalSection(ProjectConfigurationPlatforms) = postSolution
		{F27F2A37-BFC7-4F53-BC84-3E4DBBF9F733}.Debug|Any CPU.ActiveCfg = Debug|Any CPU
		{F27F2A37-BFC7-4F53-BC84-3E4DBBF9F733}.Debug|Any CPU.Build.0 = Debug|Any CPU
		{F27F2A37-BFC7-4F53-BC84-3E4DBBF9F733}.Release|Any CPU.ActiveCfg = Release|Any CPU
		{F27F2A37-BFC7-4F53-BC84-3E4DBBF9F733}.Release|Any CPU.Build.0 = Release|Any CPU
		{A881BA6B-2C34-473A-AF27-BC5F6FCE45A8}.Debug|Any CPU.ActiveCfg = Debug|Any CPU
		{A881BA6B-2C34-473A-AF27-BC5F6FCE45A8}.Debug|Any CPU.Build.0 = Debug|Any CPU
		{A881BA6B-2C34-473A-AF27-BC5F6FCE45A8}.Release|Any CPU.ActiveCfg = Release|Any CPU
		{A881BA6B-2C34-473A-AF27-BC5F6FCE45A8}.Release|Any CPU.Build.0 = Release|Any CPU
		{33C60526-9ED2-42A5-B87B-83CEB714765A}.Debug|Any CPU.ActiveCfg = Debug|Any CPU
		{33C60526-9ED2-42A5-B87B-83CEB714765A}.Debug|Any CPU.Build.0 = Debug|Any CPU
		{33C60526-9ED2-42A5-B87B-83CEB714765A}.Release|Any CPU.ActiveCfg = Release|Any CPU
		{33C60526-9ED2-42A5-B87B-83CEB714765A}.Release|Any CPU.Build.0 = Release|Any CPU
		{C66BD307-63B6-4C04-810C-2272B2DE4C27}.Debug|Any CPU.ActiveCfg = Debug|Any CPU
		{C66BD307-63B6-4C04-810C-2272B2DE4C27}.Debug|Any CPU.Build.0 = Debug|Any CPU
		{C66BD307-63B6-4C04-810C-2272B2DE4C27}.Release|Any CPU.ActiveCfg = Release|Any CPU
		{C66BD307-63B6-4C04-810C-2272B2DE4C27}.Release|Any CPU.Build.0 = Release|Any CPU
		{5830682F-B1E6-47EC-B575-9DD5A55B95AD}.Debug|Any CPU.ActiveCfg = Debug|Any CPU
		{5830682F-B1E6-47EC-B575-9DD5A55B95AD}.Debug|Any CPU.Build.0 = Debug|Any CPU
		{5830682F-B1E6-47EC-B575-9DD5A55B95AD}.Release|Any CPU.ActiveCfg = Release|Any CPU
		{5830682F-B1E6-47EC-B575-9DD5A55B95AD}.Release|Any CPU.Build.0 = Release|Any CPU
	EndGlobalSection
	GlobalSection(SolutionProperties) = preSolution
		HideSolutionNode = FALSE
	EndGlobalSection
	GlobalSection(ExtensibilityGlobals) = postSolution
		SolutionGuid = {A458CF5C-98AE-4BBE-9419-2ACE16490CBD}
	EndGlobalSection
EndGlobal
